{
  "version": 4,
  "terraform_version": "1.6.0",
  "serial": 4,
  "lineage": "c7a8132a-b534-93ef-23c6-534975374e1e",
  "outputs": {
    "static_web_app_api_key": {
      "value": "e36c1008123b87a34d1ec827e1615125e4e57b97962bb57d3b7bed95ce03fb5806-addbe81b-ad82-4678-86c2-1f70a7eb78e2003081606f73df03",
      "type": "string",
      "sensitive": true
    },
    "static_web_app_url": {
      "value": "orange-mushroom-06f73df03.6.azurestaticapps.net",
      "type": "string"
    }
  },
  "resources": [
    {
      "mode": "managed",
      "type": "azurerm_resource_group",
      "name": "rg",
      "provider": "provider[\"registry.terraform.io/hashicorp/azurerm\"]",
      "instances": [
        {
          "schema_version": 0,
          "attributes": {
            "id": "/subscriptions/de7e4d63-7e50-4def-8472-18a4de0ccb95/resourceGroups/knowledge-box-rg",
            "location": "westeurope",
            "managed_by": "",
            "name": "knowledge-box-rg",
            "tags": {
              "environment": "production",
              "managed_by": "terraform",
              "project": "knowledge-box"
            },
            "timeouts": null
          },
          "sensitive_attributes": [],
          "private": "eyJlMmJmYjczMC1lY2FhLTExZTYtOGY4OC0zNDM2M2JjN2M0YzAiOnsiY3JlYXRlIjo1NDAwMDAwMDAwMDAwLCJkZWxldGUiOjU0MDAwMDAwMDAwMDAsInJlYWQiOjMwMDAwMDAwMDAwMCwidXBkYXRlIjo1NDAwMDAwMDAwMDAwfX0="
        }
      ]
    },
    {
      "mode": "managed",
      "type": "azurerm_static_site",
      "name": "web",
      "provider": "provider[\"registry.terraform.io/hashicorp/azurerm\"]",
      "instances": [
        {
          "schema_version": 0,
          "attributes": {
            "api_key": "e36c1008123b87a34d1ec827e1615125e4e57b97962bb57d3b7bed95ce03fb5806-addbe81b-ad82-4678-86c2-1f70a7eb78e2003081606f73df03",
            "app_settings": {},
            "default_host_name": "orange-mushroom-06f73df03.6.azurestaticapps.net",
            "id": "/subscriptions/de7e4d63-7e50-4def-8472-18a4de0ccb95/resourceGroups/knowledge-box-rg/providers/Microsoft.Web/staticSites/knowledge-box-app",
            "identity": [],
            "location": "westeurope",
            "name": "knowledge-box-app",
            "resource_group_name": "knowledge-box-rg",
            "sku_size": "Standard",
            "sku_tier": "Standard",
            "tags": {
              "environment": "production",
              "managed_by": "terraform",
              "project": "knowledge-box"
            },
            "timeouts": null
          },
          "sensitive_attributes": [],
          "private": "eyJlMmJmYjczMC1lY2FhLTExZTYtOGY4OC0zNDM2M2JjN2M0YzAiOnsiY3JlYXRlIjoxODAwMDAwMDAwMDAwLCJkZWxldGUiOjE4MDAwMDAwMDAwMDAsInJlYWQiOjMwMDAwMDAwMDAwMCwidXBkYXRlIjoxODAwMDAwMDAwMDAwfX0=",
          "dependencies": [
            "azurerm_resource_group.rg"
          ]
        }
      ]
    }
  ],
  "check_results": null
}
